
Microsoft Visual Studio Solution File, Format Version 12.00
Project("{FAE04EC0-301F-11D3-BF4B-00C04F79EFBC}") = "Testing3", "Testing3\Testing3.csproj", "{B85E289D-BC0E-4495-8F5F-0CAD40AF347D}"
EndProject
Project("{FAE04EC0-301F-11D3-BF4B-00C04F79EFBC}") = "TestTesting3", "TestTesting3\TestTesting3.csproj", "{9E066788-9DD7-405A-A5EF-ED0CC72E6505}"
EndProject
Global
	GlobalSection(SolutionConfigurationPlatforms) = preSolution
		Debug|Any CPU = Debug|Any CPU
		Release|Any CPU = Release|Any CPU
	EndGlobalSection
	GlobalSection(ProjectConfigurationPlatforms) = postSolution
		{B85E289D-BC0E-4495-8F5F-0CAD40AF347D}.Debug|Any CPU.ActiveCfg = Debug|Any CPU
		{B85E289D-BC0E-4495-8F5F-0CAD40AF347D}.Debug|Any CPU.Build.0 = Debug|Any CPU
		{B85E289D-BC0E-4495-8F5F-0CAD40AF347D}.Release|Any CPU.ActiveCfg = Release|Any CPU
		{B85E289D-BC0E-4495-8F5F-0CAD40AF347D}.Release|Any CPU.Build.0 = Release|Any CPU
		{9E066788-9DD7-405A-A5EF-ED0CC72E6505}.Debug|Any CPU.ActiveCfg = Debug|Any CPU
		{9E066788-9DD7-405A-A5EF-ED0CC72E6505}.Debug|Any CPU.Build.0 = Debug|Any CPU
		{9E066788-9DD7-405A-A5EF-ED0CC72E6505}.Release|Any CPU.ActiveCfg = Release|Any CPU
		{9E066788-9DD7-405A-A5EF-ED0CC72E6505}.Release|Any CPU.Build.0 = Release|Any CPU
	EndGlobalSection
EndGlobal
