
Microsoft Visual Studio Solution File, Format Version 12.00
Project("{FAE04EC0-301F-11D3-BF4B-00C04F79EFBC}") = "HW7.2.Calculator", "HW7.2.Calculator\HW7.2.Calculator.csproj", "{F4FFF5EE-DC48-4255-BEF0-6BA7985ED781}"
EndProject
Project("{FAE04EC0-301F-11D3-BF4B-00C04F79EFBC}") = "Test.2.Calculator", "Test.2.Calculator\Test.2.Calculator.csproj", "{217917BA-4904-47D8-AF4E-8AC94C14FF22}"
EndProject
Global
	GlobalSection(SolutionConfigurationPlatforms) = preSolution
		Debug|Any CPU = Debug|Any CPU
		Release|Any CPU = Release|Any CPU
	EndGlobalSection
	GlobalSection(ProjectConfigurationPlatforms) = postSolution
		{F4FFF5EE-DC48-4255-BEF0-6BA7985ED781}.Debug|Any CPU.ActiveCfg = Debug|Any CPU
		{F4FFF5EE-DC48-4255-BEF0-6BA7985ED781}.Debug|Any CPU.Build.0 = Debug|Any CPU
		{F4FFF5EE-DC48-4255-BEF0-6BA7985ED781}.Release|Any CPU.ActiveCfg = Release|Any CPU
		{F4FFF5EE-DC48-4255-BEF0-6BA7985ED781}.Release|Any CPU.Build.0 = Release|Any CPU
		{217917BA-4904-47D8-AF4E-8AC94C14FF22}.Debug|Any CPU.ActiveCfg = Debug|Any CPU
		{217917BA-4904-47D8-AF4E-8AC94C14FF22}.Debug|Any CPU.Build.0 = Debug|Any CPU
		{217917BA-4904-47D8-AF4E-8AC94C14FF22}.Release|Any CPU.ActiveCfg = Release|Any CPU
		{217917BA-4904-47D8-AF4E-8AC94C14FF22}.Release|Any CPU.Build.0 = Release|Any CPU
	EndGlobalSection
EndGlobal
